# This file is automatically @generated by Cargo.
# It is not intended for manual editing.
version = 3

[[package]]
name = "rs2222"
version = "0.1.0"
dependencies = [
 "text-to-ascii-art",
]

[[package]]
name = "text-to-ascii-art"
version = "0.1.10"
source = "registry+https://github.com/rust-lang/crates.io-index"
checksum = "8a0c8033260679bf366827afb9e13c308599a4b89aaabc7c6924495f88a248d3"
